
Microsoft Visual Studio Solution File, Format Version 12.00
# Visual Studio 15
VisualStudioVersion = 15.0.28010.2019
MinimumVisualStudioVersion = 10.0.40219.1
Project("{D2ABAB84-BF74-430A-B69E-9DC6D40DDA17}") = "AdventureWorksDW2012Multidimensional-EE", "AdventureWorksDW2012MD-AS\AdventureWorksDW2012Multidimensional-EE.dwproj", "{EA2E59E6-E865-4576-9795-C7EB7A759D9A}"
EndProject
Global
	GlobalSection(SolutionConfigurationPlatforms) = preSolution
		Development|Default = Development|Default
	EndGlobalSection
	GlobalSection(ProjectConfigurationPlatforms) = postSolution
		{EA2E59E6-E865-4576-9795-C7EB7A759D9A}.Development|Default.ActiveCfg = Development
		{EA2E59E6-E865-4576-9795-C7EB7A759D9A}.Development|Default.Build.0 = Development
		{EA2E59E6-E865-4576-9795-C7EB7A759D9A}.Development|Default.Deploy.0 = Development
	EndGlobalSection
	GlobalSection(SolutionProperties) = preSolution
		HideSolutionNode = FALSE
	EndGlobalSection
	GlobalSection(ExtensibilityGlobals) = postSolution
		SolutionGuid = {E143A43D-DCC0-407A-95FB-C175419FE9E9}
	EndGlobalSection
EndGlobal
